
Microsoft Visual Studio Solution File, Format Version 12.00
Project("{FAE04EC0-301F-11D3-BF4B-00C04F79EFBC}") = "ConsoleMain1", "ConsoleMain1\ConsoleMain1.csproj", "{10FE65C8-0B41-4873-B83E-606A4E5A5442}"
EndProject
Global
	GlobalSection(SolutionConfigurationPlatforms) = preSolution
		Debug|Any CPU = Debug|Any CPU
		Release|Any CPU = Release|Any CPU
	EndGlobalSection
	GlobalSection(ProjectConfigurationPlatforms) = postSolution
		{10FE65C8-0B41-4873-B83E-606A4E5A5442}.Debug|Any CPU.ActiveCfg = Debug|Any CPU
		{10FE65C8-0B41-4873-B83E-606A4E5A5442}.Debug|Any CPU.Build.0 = Debug|Any CPU
		{10FE65C8-0B41-4873-B83E-606A4E5A5442}.Release|Any CPU.ActiveCfg = Release|Any CPU
		{10FE65C8-0B41-4873-B83E-606A4E5A5442}.Release|Any CPU.Build.0 = Release|Any CPU
	EndGlobalSection
EndGlobal
